{
  "nodes": {
    "nixpkgs": {
      "locked": {
        "lastModified": 1673338841,
        "narHash": "sha256-8QT5W9uJWR35p8bXK05z0E4xBxN9/BYkAeSSfjvIfts=",
        "owner": "nixos",
        "repo": "nixpkgs",
        "rev": "e1f9232310ff05709058a4d4b20b2c53484140a5",
        "type": "github"
      },
      "original": {
        "owner": "nixos",
        "repo": "nixpkgs",
        "type": "github"
      }
    },
    "root": {
      "inputs": {
        "nixpkgs": "nixpkgs"
      }
    }
  },
  "root": "root",
  "version": 7
}
